
Microsoft Visual Studio Solution File, Format Version 12.00
# Visual Studio 15
VisualStudioVersion = 15.0.28307.1231
MinimumVisualStudioVersion = 10.0.40219.1
Project("{FAE04EC0-301F-11D3-BF4B-00C04F79EFBC}") = "CheckoutPaymentGateway", "CheckoutPaymentGateway\CheckoutPaymentGateway.csproj", "{C68844C8-56B0-487C-8B61-E1A234FB3AC0}"
EndProject
Project("{FAE04EC0-301F-11D3-BF4B-00C04F79EFBC}") = "CheckoutPaymentGateway.Tests", "CheckoutPaymentGateway.Tests\CheckoutPaymentGateway.Tests.csproj", "{82623D65-34EC-4E5F-912B-79B1EEE44650}"
EndProject
Project("{FAE04EC0-301F-11D3-BF4B-00C04F79EFBC}") = "Payment.BL", "Payment.BL\Payment.BL.csproj", "{59497D5E-6BE5-4943-8F3C-6F15768F7EEF}"
EndProject
Project("{FAE04EC0-301F-11D3-BF4B-00C04F79EFBC}") = "Payment.IBL", "Payment.IBL\Payment.IBL.csproj", "{F52A365A-8C8E-4FF4-91E2-EDF3F4F31357}"
EndProject
Project("{FAE04EC0-301F-11D3-BF4B-00C04F79EFBC}") = "Payment.Model", "Payment.Model\Payment.Model.csproj", "{C4F0B644-D3A7-4610-BD0E-8343AD732ED6}"
EndProject
Global
	GlobalSection(SolutionConfigurationPlatforms) = preSolution
		Debug|Any CPU = Debug|Any CPU
		Release|Any CPU = Release|Any CPU
	EndGlobalSection
	GlobalSection(ProjectConfigurationPlatforms) = postSolution
		{C68844C8-56B0-487C-8B61-E1A234FB3AC0}.Debug|Any CPU.ActiveCfg = Debug|Any CPU
		{C68844C8-56B0-487C-8B61-E1A234FB3AC0}.Debug|Any CPU.Build.0 = Debug|Any CPU
		{C68844C8-56B0-487C-8B61-E1A234FB3AC0}.Release|Any CPU.ActiveCfg = Release|Any CPU
		{C68844C8-56B0-487C-8B61-E1A234FB3AC0}.Release|Any CPU.Build.0 = Release|Any CPU
		{82623D65-34EC-4E5F-912B-79B1EEE44650}.Debug|Any CPU.ActiveCfg = Debug|Any CPU
		{82623D65-34EC-4E5F-912B-79B1EEE44650}.Debug|Any CPU.Build.0 = Debug|Any CPU
		{82623D65-34EC-4E5F-912B-79B1EEE44650}.Release|Any CPU.ActiveCfg = Release|Any CPU
		{82623D65-34EC-4E5F-912B-79B1EEE44650}.Release|Any CPU.Build.0 = Release|Any CPU
		{59497D5E-6BE5-4943-8F3C-6F15768F7EEF}.Debug|Any CPU.ActiveCfg = Debug|Any CPU
		{59497D5E-6BE5-4943-8F3C-6F15768F7EEF}.Debug|Any CPU.Build.0 = Debug|Any CPU
		{59497D5E-6BE5-4943-8F3C-6F15768F7EEF}.Release|Any CPU.ActiveCfg = Release|Any CPU
		{59497D5E-6BE5-4943-8F3C-6F15768F7EEF}.Release|Any CPU.Build.0 = Release|Any CPU
		{F52A365A-8C8E-4FF4-91E2-EDF3F4F31357}.Debug|Any CPU.ActiveCfg = Debug|Any CPU
		{F52A365A-8C8E-4FF4-91E2-EDF3F4F31357}.Debug|Any CPU.Build.0 = Debug|Any CPU
		{F52A365A-8C8E-4FF4-91E2-EDF3F4F31357}.Release|Any CPU.ActiveCfg = Release|Any CPU
		{F52A365A-8C8E-4FF4-91E2-EDF3F4F31357}.Release|Any CPU.Build.0 = Release|Any CPU
		{C4F0B644-D3A7-4610-BD0E-8343AD732ED6}.Debug|Any CPU.ActiveCfg = Debug|Any CPU
		{C4F0B644-D3A7-4610-BD0E-8343AD732ED6}.Debug|Any CPU.Build.0 = Debug|Any CPU
		{C4F0B644-D3A7-4610-BD0E-8343AD732ED6}.Release|Any CPU.ActiveCfg = Release|Any CPU
		{C4F0B644-D3A7-4610-BD0E-8343AD732ED6}.Release|Any CPU.Build.0 = Release|Any CPU
	EndGlobalSection
	GlobalSection(SolutionProperties) = preSolution
		HideSolutionNode = FALSE
	EndGlobalSection
	GlobalSection(ExtensibilityGlobals) = postSolution
		SolutionGuid = {8DDE64E5-000C-4442-90E1-EBC11243E722}
	EndGlobalSection
EndGlobal
